{
    "_readme": [
        "This file locks the dependencies of your project to a known state",
        "Read more about it at https://getcomposer.org/doc/01-basic-usage.md#installing-dependencies",
        "This file is @generated automatically"
    ],
    "content-hash": "bd4c4df17275592420974ae9bca8bed1",
    "packages": [
        {
            "name": "neutronstars/database-sql",
            "version": "1.0.7",
            "source": {
                "type": "git",
                "url": "https://github.com/Neutron-Pro/neutronstars-database-sql.git",
                "reference": "6bcfc35df91579512e022844e095ab99bb8110ea"
            },
            "dist": {
                "type": "zip",
                "url": "https://api.github.com/repos/Neutron-Pro/neutronstars-database-sql/zipball/6bcfc35df91579512e022844e095ab99bb8110ea",
                "reference": "6bcfc35df91579512e022844e095ab99bb8110ea",
                "shasum": ""
            },
            "require": {
                "ext-pdo": "*",
                "php": ">=7.4.0"
            },
            "require-dev": {
                "phpunit/phpunit": "^9.5"
            },
            "type": "library",
            "autoload": {
                "psr-4": {
                    "NeutronStars\\Database\\": "src/"
                }
            },
            "notification-url": "https://packagist.org/downloads/",
            "license": [
                "Apache-2.0"
            ],
            "authors": [
                {
                    "name": "NeutronStars",
                    "email": "pro@neutronstars.fr"
                }
            ],
            "description": "Sql connector library for PHP",
            "support": {
                "issues": "https://github.com/Neutron-Pro/neutronstars-database-sql/issues",
                "source": "https://github.com/Neutron-Pro/neutronstars-database-sql/tree/1.0.7"
            },
            "time": "2021-06-30T22:32:42+00:00"
        },
        {
            "name": "pierreminiggio/are-files-the-same",
            "version": "1.0.1",
            "source": {
                "type": "git",
                "url": "https://github.com/pierreminiggio/php-are-files-the-same.git",
                "reference": "3173a382cd91faf6a1a79e101517e99626cb59da"
            },
            "dist": {
                "type": "zip",
                "url": "https://api.github.com/repos/pierreminiggio/php-are-files-the-same/zipball/3173a382cd91faf6a1a79e101517e99626cb59da",
                "reference": "3173a382cd91faf6a1a79e101517e99626cb59da",
                "shasum": ""
            },
            "require": {
                "php": ">=8.0.0"
            },
            "type": "library",
            "autoload": {
                "psr-4": {
                    "PierreMiniggio\\AreFilesTheSame\\": "src/"
                }
            },
            "notification-url": "https://packagist.org/downloads/",
            "authors": [
                {
                    "name": "Pierre MINIGGIO",
                    "email": "pierre@miniggiodev.fr"
                }
            ],
            "support": {
                "issues": "https://github.com/pierreminiggio/php-are-files-the-same/issues",
                "source": "https://github.com/pierreminiggio/php-are-files-the-same/tree/1.0.1"
            },
            "time": "2021-07-26T23:00:28+00:00"
        },
        {
            "name": "pierreminiggio/database-connection",
            "version": "1.2.1",
            "source": {
                "type": "git",
                "url": "https://github.com/pierreminiggio/database-connection.git",
                "reference": "ff55d9d7ea01f29855b2f8dba8e56ded661188ac"
            },
            "dist": {
                "type": "zip",
                "url": "https://api.github.com/repos/pierreminiggio/database-connection/zipball/ff55d9d7ea01f29855b2f8dba8e56ded661188ac",
                "reference": "ff55d9d7ea01f29855b2f8dba8e56ded661188ac",
                "shasum": ""
            },
            "require": {
                "php": ">=8.0.0"
            },
            "type": "library",
            "autoload": {
                "psr-4": {
                    "PierreMiniggio\\DatabaseConnection\\": "src/"
                }
            },
            "notification-url": "https://packagist.org/downloads/",
            "authors": [
                {
                    "name": "Pierre MINIGGIO",
                    "email": "pierre@miniggiodev.fr"
                }
            ],
            "description": "Interact with a SQL Database",
            "support": {
                "issues": "https://github.com/pierreminiggio/database-connection/issues",
                "source": "https://github.com/pierreminiggio/database-connection/tree/1.2.1"
            },
            "time": "2020-12-27T17:59:34+00:00"
        },
        {
            "name": "pierreminiggio/database-fetcher",
            "version": "1.0.0",
            "source": {
                "type": "git",
                "url": "https://github.com/pierreminiggio/database-fetcher.git",
                "reference": "873cc2d103d49188f61b17a34a4b46cfba218e4e"
            },
            "dist": {
                "type": "zip",
                "url": "https://api.github.com/repos/pierreminiggio/database-fetcher/zipball/873cc2d103d49188f61b17a34a4b46cfba218e4e",
                "reference": "873cc2d103d49188f61b17a34a4b46cfba218e4e",
                "shasum": ""
            },
            "require": {
                "neutronstars/database-sql": "^1.0",
                "php": ">=8.0.0",
                "pierreminiggio/database-connection": "^1.2"
            },
            "type": "library",
            "autoload": {
                "psr-4": {
                    "PierreMiniggio\\DatabaseFetcher\\": "src/"
                }
            },
            "notification-url": "https://packagist.org/downloads/",
            "authors": [
                {
                    "name": "Pierre MINIGGIO",
                    "email": "pierre@miniggiodev.fr"
                }
            ],
            "description": "Interact with a SQL Database",
            "support": {
                "issues": "https://github.com/pierreminiggio/database-fetcher/issues",
                "source": "https://github.com/pierreminiggio/database-fetcher/tree/1.0.0"
            },
            "time": "2021-01-17T10:03:16+00:00"
        },
        {
            "name": "pierreminiggio/github-action-artifact-downloader",
            "version": "2.0.0",
            "source": {
                "type": "git",
                "url": "https://github.com/pierreminiggio/php-github-action-artifact-downloader.git",
                "reference": "5575b415a1df4e19729959d91b9acd10865c94a6"
            },
            "dist": {
                "type": "zip",
                "url": "https://api.github.com/repos/pierreminiggio/php-github-action-artifact-downloader/zipball/5575b415a1df4e19729959d91b9acd10865c94a6",
                "reference": "5575b415a1df4e19729959d91b9acd10865c94a6",
                "shasum": ""
            },
            "require": {
                "php": ">=7.4.0",
                "pierreminiggio/github-user-agent": "^2.0"
            },
            "type": "library",
            "autoload": {
                "psr-4": {
                    "PierreMiniggio\\GithubActionArtifactDownloader\\": "src/"
                }
            },
            "notification-url": "https://packagist.org/downloads/",
            "authors": [
                {
                    "name": "Pierre MINIGGIO",
                    "email": "pierre@miniggiodev.fr"
                }
            ],
            "support": {
                "issues": "https://github.com/pierreminiggio/php-github-action-artifact-downloader/issues",
                "source": "https://github.com/pierreminiggio/php-github-action-artifact-downloader/tree/2.0.0"
            },
            "time": "2022-05-29T20:09:10+00:00"
        },
        {
            "name": "pierreminiggio/github-action-run",
            "version": "2.0.0",
            "source": {
                "type": "git",
                "url": "https://github.com/pierreminiggio/php-github-action-run.git",
                "reference": "b9d354a52eae522e6f778029367c71aeabe68389"
            },
            "dist": {
                "type": "zip",
                "url": "https://api.github.com/repos/pierreminiggio/php-github-action-run/zipball/b9d354a52eae522e6f778029367c71aeabe68389",
                "reference": "b9d354a52eae522e6f778029367c71aeabe68389",
                "shasum": ""
            },
            "require": {
                "php": ">=7.4.0",
                "pierreminiggio/github-statuses-enum": "^2.0"
            },
            "type": "library",
            "autoload": {
                "psr-4": {
                    "PierreMiniggio\\GithubActionRun\\": "src/"
                }
            },
            "notification-url": "https://packagist.org/downloads/",
            "authors": [
                {
                    "name": "Pierre MINIGGIO",
                    "email": "pierre@miniggiodev.fr"
                }
            ],
            "support": {
                "issues": "https://github.com/pierreminiggio/php-github-action-run/issues",
                "source": "https://github.com/pierreminiggio/php-github-action-run/tree/2.0.0"
            },
            "time": "2022-05-29T19:58:26+00:00"
        },
        {
            "name": "pierreminiggio/github-action-run-artifacts-lister",
            "version": "2.0.0",
            "source": {
                "type": "git",
                "url": "https://github.com/pierreminiggio/php-github-action-run-artifacts-lister.git",
                "reference": "f7713e5586ecd0f508dc2197ba43d930592998ab"
            },
            "dist": {
                "type": "zip",
                "url": "https://api.github.com/repos/pierreminiggio/php-github-action-run-artifacts-lister/zipball/f7713e5586ecd0f508dc2197ba43d930592998ab",
                "reference": "f7713e5586ecd0f508dc2197ba43d930592998ab",
                "shasum": ""
            },
            "require": {
                "php": ">=7.4.0",
                "pierreminiggio/github-user-agent": "^2.0"
            },
            "type": "library",
            "autoload": {
                "psr-4": {
                    "PierreMiniggio\\GithubActionRunArtifactsLister\\": "src/"
                }
            },
            "notification-url": "https://packagist.org/downloads/",
            "authors": [
                {
                    "name": "Pierre MINIGGIO",
                    "email": "pierre@miniggiodev.fr"
                }
            ],
            "support": {
                "issues": "https://github.com/pierreminiggio/php-github-action-run-artifacts-lister/issues",
                "source": "https://github.com/pierreminiggio/php-github-action-run-artifacts-lister/tree/2.0.0"
            },
            "time": "2022-05-29T20:03:13+00:00"
        },
        {
            "name": "pierreminiggio/github-action-run-creator",
            "version": "2.0.0",
            "source": {
                "type": "git",
                "url": "https://github.com/pierreminiggio/php-github-action-run-creator.git",
                "reference": "2b91698ea13225c5cc8cc6d037992f09e216c3f3"
            },
            "dist": {
                "type": "zip",
                "url": "https://api.github.com/repos/pierreminiggio/php-github-action-run-creator/zipball/2b91698ea13225c5cc8cc6d037992f09e216c3f3",
                "reference": "2b91698ea13225c5cc8cc6d037992f09e216c3f3",
                "shasum": ""
            },
            "require": {
                "php": ">=7.4.0",
                "pierreminiggio/github-user-agent": "^2.0"
            },
            "type": "library",
            "autoload": {
                "psr-4": {
                    "PierreMiniggio\\GithubActionRunCreator\\": "src/"
                }
            },
            "notification-url": "https://packagist.org/downloads/",
            "authors": [
                {
                    "name": "Pierre MINIGGIO",
                    "email": "pierre@miniggiodev.fr"
                }
            ],
            "support": {
                "issues": "https://github.com/pierreminiggio/php-github-action-run-creator/issues",
                "source": "https://github.com/pierreminiggio/php-github-action-run-creator/tree/2.0.0"
            },
            "time": "2022-05-29T20:05:52+00:00"
        },
        {
            "name": "pierreminiggio/github-action-run-detailer",
            "version": "2.0.0",
            "source": {
                "type": "git",
                "url": "https://github.com/pierreminiggio/php-github-action-run-detailer.git",
                "reference": "6db8c8e7a0728c91682ef5bc583602cf5e3737e6"
            },
            "dist": {
                "type": "zip",
                "url": "https://api.github.com/repos/pierreminiggio/php-github-action-run-detailer/zipball/6db8c8e7a0728c91682ef5bc583602cf5e3737e6",
                "reference": "6db8c8e7a0728c91682ef5bc583602cf5e3737e6",
                "shasum": ""
            },
            "require": {
                "php": ">=7.4.0",
                "pierreminiggio/github-action-run": "^2.0",
                "pierreminiggio/github-user-agent": "^2.0"
            },
            "type": "library",
            "autoload": {
                "psr-4": {
                    "PierreMiniggio\\GithubActionRunDetailer\\": "src/"
                }
            },
            "notification-url": "https://packagist.org/downloads/",
            "authors": [
                {
                    "name": "Pierre MINIGGIO",
                    "email": "pierre@miniggiodev.fr"
                }
            ],
            "support": {
                "issues": "https://github.com/pierreminiggio/php-github-action-run-detailer/issues",
                "source": "https://github.com/pierreminiggio/php-github-action-run-detailer/tree/2.0.0"
            },
            "time": "2022-05-29T20:11:30+00:00"
        },
        {
            "name": "pierreminiggio/github-action-run-starter-and-artifact-downloader",
            "version": "2.0.0",
            "source": {
                "type": "git",
                "url": "https://github.com/pierreminiggio/php-github-action-run-starter-and-artifact-downloader.git",
                "reference": "86e044d76339457f3fce57a1c223aa5ef42103e2"
            },
            "dist": {
                "type": "zip",
                "url": "https://api.github.com/repos/pierreminiggio/php-github-action-run-starter-and-artifact-downloader/zipball/86e044d76339457f3fce57a1c223aa5ef42103e2",
                "reference": "86e044d76339457f3fce57a1c223aa5ef42103e2",
                "shasum": ""
            },
            "require": {
                "php": ">=7.4.0",
                "pierreminiggio/github-action-artifact-downloader": "^2.0",
                "pierreminiggio/github-action-run-artifacts-lister": "^2.0",
                "pierreminiggio/github-action-run-creator": "^2.0",
                "pierreminiggio/github-action-run-detailer": "^2.0",
                "pierreminiggio/github-action-runs-lister": "^4.0"
            },
            "require-dev": {
                "phpunit/phpunit": "^9.5"
            },
            "type": "library",
            "autoload": {
                "psr-4": {
                    "PierreMiniggio\\GithubActionRunStarterAndArtifactDownloader\\": "src/",
                    "PierreMiniggio\\GithubActionRunStarterAndArtifactDownloaderTest\\": "tests/"
                }
            },
            "notification-url": "https://packagist.org/downloads/",
            "authors": [
                {
                    "name": "Pierre MINIGGIO",
                    "email": "pierre@miniggiodev.fr"
                }
            ],
            "support": {
                "issues": "https://github.com/pierreminiggio/php-github-action-run-starter-and-artifact-downloader/issues",
                "source": "https://github.com/pierreminiggio/php-github-action-run-starter-and-artifact-downloader/tree/2.0.0"
            },
            "time": "2022-05-29T20:18:24+00:00"
        },
        {
            "name": "pierreminiggio/github-action-runs-lister",
            "version": "4.0.0",
            "source": {
                "type": "git",
                "url": "https://github.com/pierreminiggio/php-github-action-runs-lister.git",
                "reference": "043cb5ed8c6934d8a9d12a9b53b90e665639c0de"
            },
            "dist": {
                "type": "zip",
                "url": "https://api.github.com/repos/pierreminiggio/php-github-action-runs-lister/zipball/043cb5ed8c6934d8a9d12a9b53b90e665639c0de",
                "reference": "043cb5ed8c6934d8a9d12a9b53b90e665639c0de",
                "shasum": ""
            },
            "require": {
                "php": ">=7.4.0",
                "pierreminiggio/github-action-run": "^2.0",
                "pierreminiggio/github-user-agent": "^2.0"
            },
            "type": "library",
            "autoload": {
                "psr-4": {
                    "PierreMiniggio\\GithubActionRunsLister\\": "src/"
                }
            },
            "notification-url": "https://packagist.org/downloads/",
            "authors": [
                {
                    "name": "Pierre MINIGGIO",
                    "email": "pierre@miniggiodev.fr"
                }
            ],
            "support": {
                "issues": "https://github.com/pierreminiggio/php-github-action-runs-lister/issues",
                "source": "https://github.com/pierreminiggio/php-github-action-runs-lister/tree/4.0.0"
            },
            "time": "2022-05-29T20:01:33+00:00"
        },
        {
            "name": "pierreminiggio/github-statuses-enum",
            "version": "2.0.0",
            "source": {
                "type": "git",
                "url": "https://github.com/pierreminiggio/php-github-statuses-enum.git",
                "reference": "94dd07911d379698f1ca655044ee6b0de2dbd748"
            },
            "dist": {
                "type": "zip",
                "url": "https://api.github.com/repos/pierreminiggio/php-github-statuses-enum/zipball/94dd07911d379698f1ca655044ee6b0de2dbd748",
                "reference": "94dd07911d379698f1ca655044ee6b0de2dbd748",
                "shasum": ""
            },
            "require": {
                "php": ">=7.4.0"
            },
            "type": "library",
            "autoload": {
                "psr-4": {
                    "PierreMiniggio\\GithubStatusesEnum\\": "src/"
                }
            },
            "notification-url": "https://packagist.org/downloads/",
            "authors": [
                {
                    "name": "Pierre MINIGGIO",
                    "email": "pierre@miniggiodev.fr"
                }
            ],
            "support": {
                "issues": "https://github.com/pierreminiggio/php-github-statuses-enum/issues",
                "source": "https://github.com/pierreminiggio/php-github-statuses-enum/tree/2.0.0"
            },
            "time": "2022-05-29T19:56:55+00:00"
        },
        {
            "name": "pierreminiggio/github-user-agent",
            "version": "2.0.0",
            "source": {
                "type": "git",
                "url": "https://github.com/pierreminiggio/php-github-user-agent.git",
                "reference": "29dafa6b033084180ff7ba7471698335e37c0cba"
            },
            "dist": {
                "type": "zip",
                "url": "https://api.github.com/repos/pierreminiggio/php-github-user-agent/zipball/29dafa6b033084180ff7ba7471698335e37c0cba",
                "reference": "29dafa6b033084180ff7ba7471698335e37c0cba",
                "shasum": ""
            },
            "require": {
                "php": ">=7.4.0"
            },
            "type": "library",
            "autoload": {
                "psr-4": {
                    "PierreMiniggio\\GithubUserAgent\\": "src/"
                }
            },
            "notification-url": "https://packagist.org/downloads/",
            "authors": [
                {
                    "name": "Pierre MINIGGIO",
                    "email": "pierre@miniggiodev.fr"
                }
            ],
            "support": {
                "issues": "https://github.com/pierreminiggio/php-github-user-agent/issues",
                "source": "https://github.com/pierreminiggio/php-github-user-agent/tree/2.0.0"
            },
            "time": "2022-05-29T19:54:25+00:00"
        },
        {
            "name": "pierreminiggio/instagram-story-poster",
            "version": "3.0.0",
            "source": {
                "type": "git",
                "url": "https://github.com/pierreminiggio/php-instagram-story-poster.git",
                "reference": "075c05eadfb4727d7d1d9b07ec7d7cbf2d2b5e63"
            },
            "dist": {
                "type": "zip",
                "url": "https://api.github.com/repos/pierreminiggio/php-instagram-story-poster/zipball/075c05eadfb4727d7d1d9b07ec7d7cbf2d2b5e63",
                "reference": "075c05eadfb4727d7d1d9b07ec7d7cbf2d2b5e63",
                "shasum": ""
            },
            "require": {
                "php": ">=8.0.0",
                "pierreminiggio/github-action-run-starter-and-artifact-downloader": "^2.0"
            },
            "require-dev": {
                "phpunit/phpunit": "^9.5"
            },
            "type": "library",
            "autoload": {
                "psr-4": {
                    "PierreMiniggio\\InstagramStoryPoster\\": "src/",
                    "PierreMiniggio\\InstagramStoryPosterTest\\": "tests/"
                }
            },
            "notification-url": "https://packagist.org/downloads/",
            "authors": [
                {
                    "name": "Pierre MINIGGIO",
                    "email": "pierre@miniggiodev.fr"
                }
            ],
            "support": {
                "issues": "https://github.com/pierreminiggio/php-instagram-story-poster/issues",
                "source": "https://github.com/pierreminiggio/php-instagram-story-poster/tree/3.0.0"
            },
            "time": "2022-08-15T08:36:31+00:00"
        },
        {
            "name": "pierreminiggio/multi-sources-tiktok-downloader",
            "version": "1.2.1",
            "source": {
                "type": "git",
                "url": "https://github.com/pierreminiggio/multi-sources-tiktok-downloader.git",
                "reference": "0b6a5fc88efbd23632c18afe1686b6020e61be54"
            },
            "dist": {
                "type": "zip",
                "url": "https://api.github.com/repos/pierreminiggio/multi-sources-tiktok-downloader/zipball/0b6a5fc88efbd23632c18afe1686b6020e61be54",
                "reference": "0b6a5fc88efbd23632c18afe1686b6020e61be54",
                "shasum": ""
            },
            "require": {
                "ext-curl": "*",
                "php": "^8.0",
                "pierreminiggio/are-files-the-same": "^1.0",
                "pierreminiggio/github-action-run-starter-and-artifact-downloader": "^2.0",
                "pierreminiggio/tiktok-downloader": "^1.0"
            },
            "type": "library",
            "autoload": {
                "psr-4": {
                    "PierreMiniggio\\MultiSourcesTiktokDownloader\\": "src/"
                }
            },
            "notification-url": "https://packagist.org/downloads/",
            "authors": [
                {
                    "name": "Pierre MINIGGIO",
                    "email": "pierre@miniggiodev.fr"
                }
            ],
            "description": "TikTok Downloader",
            "support": {
                "issues": "https://github.com/pierreminiggio/multi-sources-tiktok-downloader/issues",
                "source": "https://github.com/pierreminiggio/multi-sources-tiktok-downloader/tree/1.2.1"
            },
            "time": "2022-06-06T06:38:35+00:00"
        },
        {
            "name": "pierreminiggio/shell-tiktok-downloader",
            "version": "2.0.0",
            "source": {
                "type": "git",
                "url": "https://github.com/pierreminiggio/tiktok-download.git",
                "reference": "bc269e66526558d23d3e6450a294e71183af7f5d"
            },
            "dist": {
                "type": "zip",
                "url": "https://api.github.com/repos/pierreminiggio/tiktok-download/zipball/bc269e66526558d23d3e6450a294e71183af7f5d",
                "reference": "bc269e66526558d23d3e6450a294e71183af7f5d",
                "shasum": ""
            },
            "require": {
                "php": "^7.2 || ^8.0"
            },
            "type": "library",
            "notification-url": "https://packagist.org/downloads/",
            "authors": [
                {
                    "name": "Pierre MINIGGIO",
                    "email": "pierre@miniggiodev.fr"
                }
            ],
            "description": "Tiktok Downloader",
            "support": {
                "source": "https://github.com/pierreminiggio/tiktok-download/tree/2.0.0"
            },
            "time": "2021-02-23T21:54:13+00:00"
        },
        {
            "name": "pierreminiggio/tiktok-downloader",
            "version": "1.0.2",
            "source": {
                "type": "git",
                "url": "https://github.com/pierreminiggio/php-tiktok-downloader.git",
                "reference": "d927e42153df82b494abbb48592bfef0e02c3aa8"
            },
            "dist": {
                "type": "zip",
                "url": "https://api.github.com/repos/pierreminiggio/php-tiktok-downloader/zipball/d927e42153df82b494abbb48592bfef0e02c3aa8",
                "reference": "d927e42153df82b494abbb48592bfef0e02c3aa8",
                "shasum": ""
            },
            "require": {
                "php": "^7.2 || ^8.0",
                "pierreminiggio/shell-tiktok-downloader": "^2.0"
            },
            "require-dev": {
                "phpunit/phpunit": "^9.5"
            },
            "type": "library",
            "autoload": {
                "psr-4": {
                    "PierreMiniggio\\TikTokDownloader\\": "src/"
                }
            },
            "notification-url": "https://packagist.org/downloads/",
            "authors": [
                {
                    "name": "Pierre MINIGGIO",
                    "email": "pierre@miniggiodev.fr"
                }
            ],
            "description": "TikTok Downloader",
            "support": {
                "issues": "https://github.com/pierreminiggio/php-tiktok-downloader/issues",
                "source": "https://github.com/pierreminiggio/php-tiktok-downloader/tree/1.0.2"
            },
            "time": "2021-05-02T15:05:09+00:00"
        },
        {
            "name": "pierreminiggio/video-render-for-tiktok-video-checker",
            "version": "2.0.0",
            "source": {
                "type": "git",
                "url": "https://github.com/pierreminiggio/video-render-for-tiktok-video-checker.git",
                "reference": "548677af48df362b1ea9524cfe8ad914983bc696"
            },
            "dist": {
                "type": "zip",
                "url": "https://api.github.com/repos/pierreminiggio/video-render-for-tiktok-video-checker/zipball/548677af48df362b1ea9524cfe8ad914983bc696",
                "reference": "548677af48df362b1ea9524cfe8ad914983bc696",
                "shasum": ""
            },
            "require": {
                "ext-curl": "*",
                "php": ">=8.0.0"
            },
            "type": "library",
            "autoload": {
                "psr-4": {
                    "PierreMiniggio\\VideoRenderForTiktokVideoChecker\\": "src/"
                }
            },
            "notification-url": "https://packagist.org/downloads/",
            "authors": [
                {
                    "name": "Pierre MINIGGIO",
                    "email": "pierre@miniggiodev.fr"
                }
            ],
            "support": {
                "issues": "https://github.com/pierreminiggio/video-render-for-tiktok-video-checker/issues",
                "source": "https://github.com/pierreminiggio/video-render-for-tiktok-video-checker/tree/2.0.0"
            },
            "time": "2022-06-06T21:16:29+00:00"
        }
    ],
    "packages-dev": [],
    "aliases": [],
    "minimum-stability": "stable",
    "stability-flags": [],
    "prefer-stable": false,
    "prefer-lowest": false,
    "platform": {
        "ext-curl": "*"
    },
    "platform-dev": [],
    "plugin-api-version": "2.0.0"
}
