{
    "_readme": [
        "This file locks the dependencies of your project to a known state",
        "Read more about it at https://getcomposer.org/doc/01-basic-usage.md#installing-dependencies",
        "This file is @generated automatically"
    ],
    "content-hash": "d44721997a38c9e192e4b7f68df4d593",
    "packages": [
        {
            "name": "neutronstars/database-sql",
            "version": "1.0.7",
            "source": {
                "type": "git",
                "url": "https://github.com/Neutron-Pro/neutronstars-database-sql.git",
                "reference": "6bcfc35df91579512e022844e095ab99bb8110ea"
            },
            "dist": {
                "type": "zip",
                "url": "https://api.github.com/repos/Neutron-Pro/neutronstars-database-sql/zipball/6bcfc35df91579512e022844e095ab99bb8110ea",
                "reference": "6bcfc35df91579512e022844e095ab99bb8110ea",
                "shasum": ""
            },
            "require": {
                "ext-pdo": "*",
                "php": ">=7.4.0"
            },
            "require-dev": {
                "phpunit/phpunit": "^9.5"
            },
            "type": "library",
            "autoload": {
                "psr-4": {
                    "NeutronStars\\Database\\": "src/"
                }
            },
            "notification-url": "https://packagist.org/downloads/",
            "license": [
                "Apache-2.0"
            ],
            "authors": [
                {
                    "name": "NeutronStars",
                    "email": "pro@neutronstars.fr"
                }
            ],
            "description": "Sql connector library for PHP",
            "support": {
                "issues": "https://github.com/Neutron-Pro/neutronstars-database-sql/issues",
                "source": "https://github.com/Neutron-Pro/neutronstars-database-sql/tree/1.0.7"
            },
            "time": "2021-06-30T22:32:42+00:00"
        },
        {
            "name": "pierreminiggio/are-files-the-same",
            "version": "1.0.1",
            "source": {
                "type": "git",
                "url": "https://github.com/pierreminiggio/php-are-files-the-same.git",
                "reference": "3173a382cd91faf6a1a79e101517e99626cb59da"
            },
            "dist": {
                "type": "zip",
                "url": "https://api.github.com/repos/pierreminiggio/php-are-files-the-same/zipball/3173a382cd91faf6a1a79e101517e99626cb59da",
                "reference": "3173a382cd91faf6a1a79e101517e99626cb59da",
                "shasum": ""
            },
            "require": {
                "php": ">=8.0.0"
            },
            "type": "library",
            "autoload": {
                "psr-4": {
                    "PierreMiniggio\\AreFilesTheSame\\": "src/"
                }
            },
            "notification-url": "https://packagist.org/downloads/",
            "authors": [
                {
                    "name": "Pierre MINIGGIO",
                    "email": "pierre@miniggiodev.fr"
                }
            ],
            "support": {
                "issues": "https://github.com/pierreminiggio/php-are-files-the-same/issues",
                "source": "https://github.com/pierreminiggio/php-are-files-the-same/tree/1.0.1"
            },
            "time": "2021-07-26T23:00:28+00:00"
        },
        {
            "name": "pierreminiggio/database-connection",
            "version": "1.2.1",
            "source": {
                "type": "git",
                "url": "https://github.com/pierreminiggio/database-connection.git",
                "reference": "ff55d9d7ea01f29855b2f8dba8e56ded661188ac"
            },
            "dist": {
                "type": "zip",
                "url": "https://api.github.com/repos/pierreminiggio/database-connection/zipball/ff55d9d7ea01f29855b2f8dba8e56ded661188ac",
                "reference": "ff55d9d7ea01f29855b2f8dba8e56ded661188ac",
                "shasum": ""
            },
            "require": {
                "php": ">=8.0.0"
            },
            "type": "library",
            "autoload": {
                "psr-4": {
                    "PierreMiniggio\\DatabaseConnection\\": "src/"
                }
            },
            "notification-url": "https://packagist.org/downloads/",
            "authors": [
                {
                    "name": "Pierre MINIGGIO",
                    "email": "pierre@miniggiodev.fr"
                }
            ],
            "description": "Interact with a SQL Database",
            "support": {
                "issues": "https://github.com/pierreminiggio/database-connection/issues",
                "source": "https://github.com/pierreminiggio/database-connection/tree/1.2.1"
            },
            "time": "2020-12-27T17:59:34+00:00"
        },
        {
            "name": "pierreminiggio/database-fetcher",
            "version": "1.0.0",
            "source": {
                "type": "git",
                "url": "https://github.com/pierreminiggio/database-fetcher.git",
                "reference": "873cc2d103d49188f61b17a34a4b46cfba218e4e"
            },
            "dist": {
                "type": "zip",
                "url": "https://api.github.com/repos/pierreminiggio/database-fetcher/zipball/873cc2d103d49188f61b17a34a4b46cfba218e4e",
                "reference": "873cc2d103d49188f61b17a34a4b46cfba218e4e",
                "shasum": ""
            },
            "require": {
                "neutronstars/database-sql": "^1.0",
                "php": ">=8.0.0",
                "pierreminiggio/database-connection": "^1.2"
            },
            "type": "library",
            "autoload": {
                "psr-4": {
                    "PierreMiniggio\\DatabaseFetcher\\": "src/"
                }
            },
            "notification-url": "https://packagist.org/downloads/",
            "authors": [
                {
                    "name": "Pierre MINIGGIO",
                    "email": "pierre@miniggiodev.fr"
                }
            ],
            "description": "Interact with a SQL Database",
            "support": {
                "issues": "https://github.com/pierreminiggio/database-fetcher/issues",
                "source": "https://github.com/pierreminiggio/database-fetcher/tree/1.0.0"
            },
            "time": "2021-01-17T10:03:16+00:00"
        },
        {
            "name": "pierreminiggio/github-action-artifact-downloader",
            "version": "dev-main",
            "source": {
                "type": "git",
                "url": "https://github.com/pierreminiggio/php-github-action-artifact-downloader.git",
                "reference": "0a5c5e7dd73e8ea83e8a87dce4405635073dd3cb"
            },
            "dist": {
                "type": "zip",
                "url": "https://api.github.com/repos/pierreminiggio/php-github-action-artifact-downloader/zipball/0a5c5e7dd73e8ea83e8a87dce4405635073dd3cb",
                "reference": "0a5c5e7dd73e8ea83e8a87dce4405635073dd3cb",
                "shasum": ""
            },
            "require": {
                "php": ">=7.4.0",
                "pierreminiggio/github-user-agent": "9999999-dev"
            },
            "default-branch": true,
            "type": "library",
            "autoload": {
                "psr-4": {
                    "PierreMiniggio\\GithubActionArtifactDownloader\\": "src/"
                }
            },
            "notification-url": "https://packagist.org/downloads/",
            "authors": [
                {
                    "name": "Pierre MINIGGIO",
                    "email": "pierre@miniggiodev.fr"
                }
            ],
            "support": {
                "issues": "https://github.com/pierreminiggio/php-github-action-artifact-downloader/issues",
                "source": "https://github.com/pierreminiggio/php-github-action-artifact-downloader/tree/1.0.1"
            },
            "time": "2021-05-01T12:35:03+00:00"
        },
        {
            "name": "pierreminiggio/github-action-run",
            "version": "dev-main",
            "source": {
                "type": "git",
                "url": "https://github.com/pierreminiggio/php-github-action-run.git",
                "reference": "6b5feefd13e261fc8695b4a9dfd2f1f6eb2966d7"
            },
            "dist": {
                "type": "zip",
                "url": "https://api.github.com/repos/pierreminiggio/php-github-action-run/zipball/6b5feefd13e261fc8695b4a9dfd2f1f6eb2966d7",
                "reference": "6b5feefd13e261fc8695b4a9dfd2f1f6eb2966d7",
                "shasum": ""
            },
            "require": {
                "php": ">=7.4.0",
                "pierreminiggio/github-statuses-enum": "9999999-dev"
            },
            "default-branch": true,
            "type": "library",
            "autoload": {
                "psr-4": {
                    "PierreMiniggio\\GithubActionRun\\": "src/"
                }
            },
            "notification-url": "https://packagist.org/downloads/",
            "authors": [
                {
                    "name": "Pierre MINIGGIO",
                    "email": "pierre@miniggiodev.fr"
                }
            ],
            "support": {
                "issues": "https://github.com/pierreminiggio/php-github-action-run/issues",
                "source": "https://github.com/pierreminiggio/php-github-action-run/tree/1.0.1"
            },
            "time": "2021-04-29T23:15:47+00:00"
        },
        {
            "name": "pierreminiggio/github-action-run-artifacts-lister",
            "version": "dev-main",
            "source": {
                "type": "git",
                "url": "https://github.com/pierreminiggio/php-github-action-run-artifacts-lister.git",
                "reference": "6232d64e48940e23de1b70b030c06f1af0fa3013"
            },
            "dist": {
                "type": "zip",
                "url": "https://api.github.com/repos/pierreminiggio/php-github-action-run-artifacts-lister/zipball/6232d64e48940e23de1b70b030c06f1af0fa3013",
                "reference": "6232d64e48940e23de1b70b030c06f1af0fa3013",
                "shasum": ""
            },
            "require": {
                "php": ">=7.4.0",
                "pierreminiggio/github-user-agent": "9999999-dev"
            },
            "default-branch": true,
            "type": "library",
            "autoload": {
                "psr-4": {
                    "PierreMiniggio\\GithubActionRunArtifactsLister\\": "src/"
                }
            },
            "notification-url": "https://packagist.org/downloads/",
            "authors": [
                {
                    "name": "Pierre MINIGGIO",
                    "email": "pierre@miniggiodev.fr"
                }
            ],
            "support": {
                "issues": "https://github.com/pierreminiggio/php-github-action-run-artifacts-lister/issues",
                "source": "https://github.com/pierreminiggio/php-github-action-run-artifacts-lister/tree/1.0.0"
            },
            "time": "2021-04-29T09:11:15+00:00"
        },
        {
            "name": "pierreminiggio/github-action-run-creator",
            "version": "dev-main",
            "source": {
                "type": "git",
                "url": "https://github.com/pierreminiggio/php-github-action-run-creator.git",
                "reference": "cf7417aadeddb372f62aff8b7113109524c35a04"
            },
            "dist": {
                "type": "zip",
                "url": "https://api.github.com/repos/pierreminiggio/php-github-action-run-creator/zipball/cf7417aadeddb372f62aff8b7113109524c35a04",
                "reference": "cf7417aadeddb372f62aff8b7113109524c35a04",
                "shasum": ""
            },
            "require": {
                "php": ">=7.4.0",
                "pierreminiggio/github-user-agent": "9999999-dev"
            },
            "default-branch": true,
            "type": "library",
            "autoload": {
                "psr-4": {
                    "PierreMiniggio\\GithubActionRunCreator\\": "src/"
                }
            },
            "notification-url": "https://packagist.org/downloads/",
            "authors": [
                {
                    "name": "Pierre MINIGGIO",
                    "email": "pierre@miniggiodev.fr"
                }
            ],
            "support": {
                "issues": "https://github.com/pierreminiggio/php-github-action-run-creator/issues",
                "source": "https://github.com/pierreminiggio/php-github-action-run-creator/tree/1.0.1"
            },
            "time": "2021-04-29T09:18:28+00:00"
        },
        {
            "name": "pierreminiggio/github-action-run-detailer",
            "version": "dev-main",
            "source": {
                "type": "git",
                "url": "https://github.com/pierreminiggio/php-github-action-run-detailer.git",
                "reference": "856e5f2da2375b4f3c8f81900d5f835eba117420"
            },
            "dist": {
                "type": "zip",
                "url": "https://api.github.com/repos/pierreminiggio/php-github-action-run-detailer/zipball/856e5f2da2375b4f3c8f81900d5f835eba117420",
                "reference": "856e5f2da2375b4f3c8f81900d5f835eba117420",
                "shasum": ""
            },
            "require": {
                "php": ">=7.4.0",
                "pierreminiggio/github-action-run": "9999999-dev",
                "pierreminiggio/github-user-agent": "9999999-dev"
            },
            "default-branch": true,
            "type": "library",
            "autoload": {
                "psr-4": {
                    "PierreMiniggio\\GithubActionRunDetailer\\": "src/"
                }
            },
            "notification-url": "https://packagist.org/downloads/",
            "authors": [
                {
                    "name": "Pierre MINIGGIO",
                    "email": "pierre@miniggiodev.fr"
                }
            ],
            "support": {
                "issues": "https://github.com/pierreminiggio/php-github-action-run-detailer/issues",
                "source": "https://github.com/pierreminiggio/php-github-action-run-detailer/tree/1.0.2"
            },
            "time": "2021-04-29T23:25:46+00:00"
        },
        {
            "name": "pierreminiggio/github-action-run-starter-and-artifact-downloader",
            "version": "dev-main",
            "source": {
                "type": "git",
                "url": "https://github.com/pierreminiggio/php-github-action-run-starter-and-artifact-downloader.git",
                "reference": "33a136e9c88855bb237355e11ade80228318e937"
            },
            "dist": {
                "type": "zip",
                "url": "https://api.github.com/repos/pierreminiggio/php-github-action-run-starter-and-artifact-downloader/zipball/33a136e9c88855bb237355e11ade80228318e937",
                "reference": "33a136e9c88855bb237355e11ade80228318e937",
                "shasum": ""
            },
            "require": {
                "php": ">=7.4.0",
                "pierreminiggio/github-action-artifact-downloader": "9999999-dev",
                "pierreminiggio/github-action-run-artifacts-lister": "9999999-dev",
                "pierreminiggio/github-action-run-creator": "9999999-dev",
                "pierreminiggio/github-action-run-detailer": "9999999-dev",
                "pierreminiggio/github-action-runs-lister": "9999999-dev"
            },
            "require-dev": {
                "phpunit/phpunit": "10.0.x-dev"
            },
            "default-branch": true,
            "type": "library",
            "autoload": {
                "psr-4": {
                    "PierreMiniggio\\GithubActionRunStarterAndArtifactDownloader\\": "src/",
                    "PierreMiniggio\\GithubActionRunStarterAndArtifactDownloaderTest\\": "tests/"
                }
            },
            "notification-url": "https://packagist.org/downloads/",
            "authors": [
                {
                    "name": "Pierre MINIGGIO",
                    "email": "pierre@miniggiodev.fr"
                }
            ],
            "support": {
                "issues": "https://github.com/pierreminiggio/php-github-action-run-starter-and-artifact-downloader/issues",
                "source": "https://github.com/pierreminiggio/php-github-action-run-starter-and-artifact-downloader/tree/1.1.2"
            },
            "time": "2021-05-25T21:11:30+00:00"
        },
        {
            "name": "pierreminiggio/github-action-runs-lister",
            "version": "dev-main",
            "source": {
                "type": "git",
                "url": "https://github.com/pierreminiggio/php-github-action-runs-lister.git",
                "reference": "66103f777f2edbcb7d2b5625eea73758ce788f46"
            },
            "dist": {
                "type": "zip",
                "url": "https://api.github.com/repos/pierreminiggio/php-github-action-runs-lister/zipball/66103f777f2edbcb7d2b5625eea73758ce788f46",
                "reference": "66103f777f2edbcb7d2b5625eea73758ce788f46",
                "shasum": ""
            },
            "require": {
                "php": ">=7.4.0",
                "pierreminiggio/github-action-run": "9999999-dev",
                "pierreminiggio/github-user-agent": "9999999-dev"
            },
            "default-branch": true,
            "type": "library",
            "autoload": {
                "psr-4": {
                    "PierreMiniggio\\GithubActionRunsLister\\": "src/"
                }
            },
            "notification-url": "https://packagist.org/downloads/",
            "authors": [
                {
                    "name": "Pierre MINIGGIO",
                    "email": "pierre@miniggiodev.fr"
                }
            ],
            "support": {
                "issues": "https://github.com/pierreminiggio/php-github-action-runs-lister/issues",
                "source": "https://github.com/pierreminiggio/php-github-action-runs-lister/tree/3.0.0"
            },
            "time": "2021-05-25T20:56:36+00:00"
        },
        {
            "name": "pierreminiggio/github-statuses-enum",
            "version": "dev-main",
            "source": {
                "type": "git",
                "url": "https://github.com/pierreminiggio/php-github-statuses-enum.git",
                "reference": "1f26a833b305cbd3423175dc72adca1429ad0d42"
            },
            "dist": {
                "type": "zip",
                "url": "https://api.github.com/repos/pierreminiggio/php-github-statuses-enum/zipball/1f26a833b305cbd3423175dc72adca1429ad0d42",
                "reference": "1f26a833b305cbd3423175dc72adca1429ad0d42",
                "shasum": ""
            },
            "require": {
                "php": ">=7.4.0"
            },
            "default-branch": true,
            "type": "library",
            "autoload": {
                "psr-4": {
                    "PierreMiniggio\\GithubStatusesEnum\\": "src/"
                }
            },
            "notification-url": "https://packagist.org/downloads/",
            "authors": [
                {
                    "name": "Pierre MINIGGIO",
                    "email": "pierre@miniggiodev.fr"
                }
            ],
            "support": {
                "issues": "https://github.com/pierreminiggio/php-github-statuses-enum/issues",
                "source": "https://github.com/pierreminiggio/php-github-statuses-enum/tree/1.0.0"
            },
            "time": "2021-04-28T17:16:21+00:00"
        },
        {
            "name": "pierreminiggio/github-user-agent",
            "version": "dev-main",
            "source": {
                "type": "git",
                "url": "https://github.com/pierreminiggio/php-github-user-agent.git",
                "reference": "b0ad2ec98d8c9e3962fa875da79f3ede88ea8cab"
            },
            "dist": {
                "type": "zip",
                "url": "https://api.github.com/repos/pierreminiggio/php-github-user-agent/zipball/b0ad2ec98d8c9e3962fa875da79f3ede88ea8cab",
                "reference": "b0ad2ec98d8c9e3962fa875da79f3ede88ea8cab",
                "shasum": ""
            },
            "require": {
                "php": ">=7.4.0"
            },
            "default-branch": true,
            "type": "library",
            "autoload": {
                "psr-4": {
                    "PierreMiniggio\\GithubUserAgent\\": "src/"
                }
            },
            "notification-url": "https://packagist.org/downloads/",
            "authors": [
                {
                    "name": "Pierre MINIGGIO",
                    "email": "pierre@miniggiodev.fr"
                }
            ],
            "support": {
                "issues": "https://github.com/pierreminiggio/php-github-user-agent/issues",
                "source": "https://github.com/pierreminiggio/php-github-user-agent/tree/1.0.0"
            },
            "time": "2021-04-28T19:47:42+00:00"
        },
        {
            "name": "pierreminiggio/instagram-story-poster",
            "version": "dev-main",
            "source": {
                "type": "git",
                "url": "https://github.com/pierreminiggio/php-instagram-story-poster.git",
                "reference": "79d3333e39a0d3dc38f09766b866b60de519312b"
            },
            "dist": {
                "type": "zip",
                "url": "https://api.github.com/repos/pierreminiggio/php-instagram-story-poster/zipball/79d3333e39a0d3dc38f09766b866b60de519312b",
                "reference": "79d3333e39a0d3dc38f09766b866b60de519312b",
                "shasum": ""
            },
            "require": {
                "php": ">=8.0.0",
                "pierreminiggio/github-action-run-starter-and-artifact-downloader": "dev-main"
            },
            "require-dev": {
                "phpunit/phpunit": "10.0.x-dev"
            },
            "default-branch": true,
            "type": "library",
            "autoload": {
                "psr-4": {
                    "PierreMiniggio\\InstagramStoryPoster\\": "src/",
                    "PierreMiniggio\\InstagramStoryPosterTest\\": "tests/"
                }
            },
            "notification-url": "https://packagist.org/downloads/",
            "authors": [
                {
                    "name": "Pierre MINIGGIO",
                    "email": "pierre@miniggiodev.fr"
                }
            ],
            "support": {
                "issues": "https://github.com/pierreminiggio/php-instagram-story-poster/issues",
                "source": "https://github.com/pierreminiggio/php-instagram-story-poster/tree/1.0.2"
            },
            "time": "2021-07-25T11:36:01+00:00"
        },
        {
            "name": "pierreminiggio/multi-sources-tiktok-downloader",
            "version": "dev-main",
            "source": {
                "type": "git",
                "url": "https://github.com/pierreminiggio/multi-sources-tiktok-downloader.git",
                "reference": "8f99de3f4fca568c3c41d5c2ed4b7c741a6528ce"
            },
            "dist": {
                "type": "zip",
                "url": "https://api.github.com/repos/pierreminiggio/multi-sources-tiktok-downloader/zipball/8f99de3f4fca568c3c41d5c2ed4b7c741a6528ce",
                "reference": "8f99de3f4fca568c3c41d5c2ed4b7c741a6528ce",
                "shasum": ""
            },
            "require": {
                "ext-curl": "*",
                "php": "^8.0",
                "pierreminiggio/are-files-the-same": "^1.0",
                "pierreminiggio/tiktok-downloader": "^1.0"
            },
            "default-branch": true,
            "type": "library",
            "autoload": {
                "psr-4": {
                    "PierreMiniggio\\MultiSourcesTiktokDownloader\\": "src/"
                }
            },
            "notification-url": "https://packagist.org/downloads/",
            "authors": [
                {
                    "name": "Pierre MINIGGIO",
                    "email": "pierre@miniggiodev.fr"
                }
            ],
            "description": "TikTok Downloader",
            "support": {
                "issues": "https://github.com/pierreminiggio/multi-sources-tiktok-downloader/issues",
                "source": "https://github.com/pierreminiggio/multi-sources-tiktok-downloader/tree/1.1.0"
            },
            "time": "2021-07-26T23:10:53+00:00"
        },
        {
            "name": "pierreminiggio/shell-tiktok-downloader",
            "version": "2.0.0",
            "source": {
                "type": "git",
                "url": "https://github.com/pierreminiggio/tiktok-download.git",
                "reference": "bc269e66526558d23d3e6450a294e71183af7f5d"
            },
            "dist": {
                "type": "zip",
                "url": "https://api.github.com/repos/pierreminiggio/tiktok-download/zipball/bc269e66526558d23d3e6450a294e71183af7f5d",
                "reference": "bc269e66526558d23d3e6450a294e71183af7f5d",
                "shasum": ""
            },
            "require": {
                "php": "^7.2 || ^8.0"
            },
            "type": "library",
            "notification-url": "https://packagist.org/downloads/",
            "authors": [
                {
                    "name": "Pierre MINIGGIO",
                    "email": "pierre@miniggiodev.fr"
                }
            ],
            "description": "Tiktok Downloader",
            "support": {
                "source": "https://github.com/pierreminiggio/tiktok-download/tree/2.0.0"
            },
            "time": "2021-02-23T21:54:13+00:00"
        },
        {
            "name": "pierreminiggio/tiktok-downloader",
            "version": "1.0.2",
            "source": {
                "type": "git",
                "url": "https://github.com/pierreminiggio/php-tiktok-downloader.git",
                "reference": "d927e42153df82b494abbb48592bfef0e02c3aa8"
            },
            "dist": {
                "type": "zip",
                "url": "https://api.github.com/repos/pierreminiggio/php-tiktok-downloader/zipball/d927e42153df82b494abbb48592bfef0e02c3aa8",
                "reference": "d927e42153df82b494abbb48592bfef0e02c3aa8",
                "shasum": ""
            },
            "require": {
                "php": "^7.2 || ^8.0",
                "pierreminiggio/shell-tiktok-downloader": "^2.0"
            },
            "require-dev": {
                "phpunit/phpunit": "^9.5"
            },
            "type": "library",
            "autoload": {
                "psr-4": {
                    "PierreMiniggio\\TikTokDownloader\\": "src/"
                }
            },
            "notification-url": "https://packagist.org/downloads/",
            "authors": [
                {
                    "name": "Pierre MINIGGIO",
                    "email": "pierre@miniggiodev.fr"
                }
            ],
            "description": "TikTok Downloader",
            "support": {
                "issues": "https://github.com/pierreminiggio/php-tiktok-downloader/issues",
                "source": "https://github.com/pierreminiggio/php-tiktok-downloader/tree/1.0.2"
            },
            "time": "2021-05-02T15:05:09+00:00"
        },
        {
            "name": "pierreminiggio/video-render-for-tiktok-video-checker",
            "version": "dev-main",
            "source": {
                "type": "git",
                "url": "https://github.com/pierreminiggio/video-render-for-tiktok-video-checker.git",
                "reference": "cf530ccd7776727334da1ed21352fa8437b751f9"
            },
            "dist": {
                "type": "zip",
                "url": "https://api.github.com/repos/pierreminiggio/video-render-for-tiktok-video-checker/zipball/cf530ccd7776727334da1ed21352fa8437b751f9",
                "reference": "cf530ccd7776727334da1ed21352fa8437b751f9",
                "shasum": ""
            },
            "require": {
                "ext-curl": "*",
                "php": ">=8.0.0"
            },
            "default-branch": true,
            "type": "library",
            "autoload": {
                "psr-4": {
                    "PierreMiniggio\\VideoRenderForTiktokVideoChecker\\": "src/"
                }
            },
            "notification-url": "https://packagist.org/downloads/",
            "authors": [
                {
                    "name": "Pierre MINIGGIO",
                    "email": "pierre@miniggiodev.fr"
                }
            ],
            "support": {
                "issues": "https://github.com/pierreminiggio/video-render-for-tiktok-video-checker/issues",
                "source": "https://github.com/pierreminiggio/video-render-for-tiktok-video-checker/tree/1.0.1"
            },
            "time": "2021-07-25T08:52:39+00:00"
        }
    ],
    "packages-dev": [],
    "aliases": [],
    "minimum-stability": "dev",
    "stability-flags": {
        "pierreminiggio/instagram-story-poster": 20,
        "pierreminiggio/multi-sources-tiktok-downloader": 20,
        "pierreminiggio/video-render-for-tiktok-video-checker": 20
    },
    "prefer-stable": false,
    "prefer-lowest": false,
    "platform": {
        "ext-curl": "*"
    },
    "platform-dev": [],
    "plugin-api-version": "2.0.0"
}
